
Microsoft Visual Studio Solution File, Format Version 12.00
# Visual Studio Version 16
VisualStudioVersion = 16.0.29215.179
MinimumVisualStudioVersion = 10.0.40219.1
Project("{FAE04EC0-301F-11D3-BF4B-00C04F79EFBC}") = "ParkClient", "ParkClient\ParkClient.csproj", "{A118B839-A821-4926-8920-42466AB637A7}"
EndProject
Global
	GlobalSection(SolutionConfigurationPlatforms) = preSolution
		Debug|Any CPU = Debug|Any CPU
		Release|Any CPU = Release|Any CPU
	EndGlobalSection
	GlobalSection(ProjectConfigurationPlatforms) = postSolution
		{A118B839-A821-4926-8920-42466AB637A7}.Debug|Any CPU.ActiveCfg = Debug|Any CPU
		{A118B839-A821-4926-8920-42466AB637A7}.Debug|Any CPU.Build.0 = Debug|Any CPU
		{A118B839-A821-4926-8920-42466AB637A7}.Release|Any CPU.ActiveCfg = Release|Any CPU
		{A118B839-A821-4926-8920-42466AB637A7}.Release|Any CPU.Build.0 = Release|Any CPU
	EndGlobalSection
	GlobalSection(SolutionProperties) = preSolution
		HideSolutionNode = FALSE
	EndGlobalSection
	GlobalSection(ExtensibilityGlobals) = postSolution
		SolutionGuid = {5999D226-0155-42B6-995C-7426BF40AA92}
	EndGlobalSection
EndGlobal
